
Microsoft Visual Studio Solution File, Format Version 12.00
# Visual Studio 15
VisualStudioVersion = 15.0.28307.168
MinimumVisualStudioVersion = 10.0.40219.1
Project("{FAE04EC0-301F-11D3-BF4B-00C04F79EFBC}") = "book store backend", "book store backend\book store backend.csproj", "{C840B632-4148-4B6C-AECE-60705A9BC64C}"
EndProject
Global
	GlobalSection(SolutionConfigurationPlatforms) = preSolution
		Debug|Any CPU = Debug|Any CPU
		Release|Any CPU = Release|Any CPU
	EndGlobalSection
	GlobalSection(ProjectConfigurationPlatforms) = postSolution
		{C840B632-4148-4B6C-AECE-60705A9BC64C}.Debug|Any CPU.ActiveCfg = Debug|Any CPU
		{C840B632-4148-4B6C-AECE-60705A9BC64C}.Debug|Any CPU.Build.0 = Debug|Any CPU
		{C840B632-4148-4B6C-AECE-60705A9BC64C}.Release|Any CPU.ActiveCfg = Release|Any CPU
		{C840B632-4148-4B6C-AECE-60705A9BC64C}.Release|Any CPU.Build.0 = Release|Any CPU
	EndGlobalSection
	GlobalSection(SolutionProperties) = preSolution
		HideSolutionNode = FALSE
	EndGlobalSection
	GlobalSection(ExtensibilityGlobals) = postSolution
		SolutionGuid = {838167F3-F7E9-472C-962C-84CEDC566B79}
	EndGlobalSection
EndGlobal
