
Microsoft Visual Studio Solution File, Format Version 12.00
# Visual Studio 15
VisualStudioVersion = 15.0.28010.2046
MinimumVisualStudioVersion = 10.0.40219.1
Project("{FAE04EC0-301F-11D3-BF4B-00C04F79EFBC}") = "BookStore.Api", "BookStore.Web.Api\BookStore.Api.csproj", "{AC5347E8-68D6-4411-8B78-BCE2E4C5257A}"
EndProject
Project("{FAE04EC0-301F-11D3-BF4B-00C04F79EFBC}") = "BookStore", "BookStore.Domain\BookStore.csproj", "{0DD95D99-815D-4BE5-84CD-BC5E64CFE564}"
EndProject
Project("{FAE04EC0-301F-11D3-BF4B-00C04F79EFBC}") = "BookStore.Infrastructure", "BookStore.Core\BookStore.Infrastructure.csproj", "{00908F6C-C472-40E5-B5F1-B7ABCBE0E8AA}"
EndProject
Project("{2150E333-8FDC-42A3-9474-1A3956D46DE8}") = "server", "server", "{E03A3F86-EC0C-44C2-A611-7FFBA010D1ED}"
EndProject
Project("{2150E333-8FDC-42A3-9474-1A3956D46DE8}") = "Commands", "Commands", "{64D8B225-13BF-4791-A3B1-E62694304837}"
EndProject
Project("{2150E333-8FDC-42A3-9474-1A3956D46DE8}") = "Infrastructure", "Infrastructure", "{FF6DE643-9371-4615-B778-F7AF35D4350C}"
EndProject
Global
	GlobalSection(SolutionConfigurationPlatforms) = preSolution
		Debug|Any CPU = Debug|Any CPU
		Release|Any CPU = Release|Any CPU
	EndGlobalSection
	GlobalSection(ProjectConfigurationPlatforms) = postSolution
		{AC5347E8-68D6-4411-8B78-BCE2E4C5257A}.Debug|Any CPU.ActiveCfg = Debug|Any CPU
		{AC5347E8-68D6-4411-8B78-BCE2E4C5257A}.Debug|Any CPU.Build.0 = Debug|Any CPU
		{AC5347E8-68D6-4411-8B78-BCE2E4C5257A}.Release|Any CPU.ActiveCfg = Release|Any CPU
		{AC5347E8-68D6-4411-8B78-BCE2E4C5257A}.Release|Any CPU.Build.0 = Release|Any CPU
		{0DD95D99-815D-4BE5-84CD-BC5E64CFE564}.Debug|Any CPU.ActiveCfg = Debug|Any CPU
		{0DD95D99-815D-4BE5-84CD-BC5E64CFE564}.Debug|Any CPU.Build.0 = Debug|Any CPU
		{0DD95D99-815D-4BE5-84CD-BC5E64CFE564}.Release|Any CPU.ActiveCfg = Release|Any CPU
		{0DD95D99-815D-4BE5-84CD-BC5E64CFE564}.Release|Any CPU.Build.0 = Release|Any CPU
		{00908F6C-C472-40E5-B5F1-B7ABCBE0E8AA}.Debug|Any CPU.ActiveCfg = Debug|Any CPU
		{00908F6C-C472-40E5-B5F1-B7ABCBE0E8AA}.Debug|Any CPU.Build.0 = Debug|Any CPU
		{00908F6C-C472-40E5-B5F1-B7ABCBE0E8AA}.Release|Any CPU.ActiveCfg = Release|Any CPU
		{00908F6C-C472-40E5-B5F1-B7ABCBE0E8AA}.Release|Any CPU.Build.0 = Release|Any CPU
	EndGlobalSection
	GlobalSection(SolutionProperties) = preSolution
		HideSolutionNode = FALSE
	EndGlobalSection
	GlobalSection(NestedProjects) = preSolution
		{AC5347E8-68D6-4411-8B78-BCE2E4C5257A} = {E03A3F86-EC0C-44C2-A611-7FFBA010D1ED}
		{0DD95D99-815D-4BE5-84CD-BC5E64CFE564} = {64D8B225-13BF-4791-A3B1-E62694304837}
		{00908F6C-C472-40E5-B5F1-B7ABCBE0E8AA} = {FF6DE643-9371-4615-B778-F7AF35D4350C}
	EndGlobalSection
	GlobalSection(ExtensibilityGlobals) = postSolution
		SolutionGuid = {A79D18A1-5700-4F7D-915C-A116CE9F8EBB}
	EndGlobalSection
EndGlobal
