
Microsoft Visual Studio Solution File, Format Version 12.00
# Visual Studio Version 16
VisualStudioVersion = 16.0.28803.352
MinimumVisualStudioVersion = 10.0.40219.1
Project("{9A19103F-16F7-4668-BE54-9A1E7A4F7556}") = "book_store_backend", "book_store_backend\book_store_backend.csproj", "{C840B632-4148-4B6C-AECE-60705A9BC64C}"
EndProject
Project("{FAE04EC0-301F-11D3-BF4B-00C04F79EFBC}") = "book_store.tests", "book_store.tests\book_store.tests.csproj", "{767D138A-ACCC-44AA-8ADF-6AEB9DB9AC33}"
EndProject
Global
	GlobalSection(SolutionConfigurationPlatforms) = preSolution
		Debug|Any CPU = Debug|Any CPU
		Release|Any CPU = Release|Any CPU
	EndGlobalSection
	GlobalSection(ProjectConfigurationPlatforms) = postSolution
		{C840B632-4148-4B6C-AECE-60705A9BC64C}.Debug|Any CPU.ActiveCfg = Debug|Any CPU
		{C840B632-4148-4B6C-AECE-60705A9BC64C}.Debug|Any CPU.Build.0 = Debug|Any CPU
		{C840B632-4148-4B6C-AECE-60705A9BC64C}.Release|Any CPU.ActiveCfg = Release|Any CPU
		{C840B632-4148-4B6C-AECE-60705A9BC64C}.Release|Any CPU.Build.0 = Release|Any CPU
		{767D138A-ACCC-44AA-8ADF-6AEB9DB9AC33}.Debug|Any CPU.ActiveCfg = Debug|Any CPU
		{767D138A-ACCC-44AA-8ADF-6AEB9DB9AC33}.Debug|Any CPU.Build.0 = Debug|Any CPU
		{767D138A-ACCC-44AA-8ADF-6AEB9DB9AC33}.Release|Any CPU.ActiveCfg = Release|Any CPU
		{767D138A-ACCC-44AA-8ADF-6AEB9DB9AC33}.Release|Any CPU.Build.0 = Release|Any CPU
	EndGlobalSection
	GlobalSection(SolutionProperties) = preSolution
		HideSolutionNode = FALSE
	EndGlobalSection
	GlobalSection(ExtensibilityGlobals) = postSolution
		SolutionGuid = {838167F3-F7E9-472C-962C-84CEDC566B79}
	EndGlobalSection
EndGlobal
